
Microsoft Visual Studio Solution File, Format Version 12.00
# Visual Studio 15
VisualStudioVersion = 15.0.27130.2010
MinimumVisualStudioVersion = 10.0.40219.1
Project("{FAE04EC0-301F-11D3-BF4B-00C04F79EFBC}") = "MoviesAPI", "MoviesAPI\MoviesAPI.csproj", "{C3203824-D714-4AA6-B008-14F246E2E915}"
EndProject
Project("{FAE04EC0-301F-11D3-BF4B-00C04F79EFBC}") = "MoviesAPI.Models", "MoviesAPI.Models\MoviesAPI.Models.csproj", "{09419EE3-092B-4231-A798-3D02B8210B81}"
EndProject
Project("{FAE04EC0-301F-11D3-BF4B-00C04F79EFBC}") = "MoviesAPI.Interfaces", "MoviesAPI.Interfaces\MoviesAPI.Interfaces.csproj", "{C88F3675-553F-4520-8E5A-9B6A858DC5AB}"
EndProject
Project("{FAE04EC0-301F-11D3-BF4B-00C04F79EFBC}") = "MoviesAPI.DB", "MoviesAPI.DB\MoviesAPI.DB.csproj", "{9065C690-2143-4E97-81F2-047D89A68249}"
EndProject
Project("{FAE04EC0-301F-11D3-BF4B-00C04F79EFBC}") = "MoviesAPI.IOC", "MoviesAPI.IOC\MoviesAPI.IOC.csproj", "{DE5A8615-7CCB-469D-93D1-2DBE0D3BDA9F}"
EndProject
Project("{FAE04EC0-301F-11D3-BF4B-00C04F79EFBC}") = "MoviesAPI.Tests", "MoviesAPI.Tests\MoviesAPI.Tests.csproj", "{2ACA9E60-22F3-4953-B838-3C2202A9ABE7}"
EndProject
Project("{FAE04EC0-301F-11D3-BF4B-00C04F79EFBC}") = "MoviesAPI.BusinessLayer", "MoviesAPI.BusinessLayer\MoviesAPI.BusinessLayer.csproj", "{86138BDA-00AD-4E8B-B40C-AB25F5F6351B}"
EndProject
Global
	GlobalSection(SolutionConfigurationPlatforms) = preSolution
		Debug|Any CPU = Debug|Any CPU
		Release|Any CPU = Release|Any CPU
	EndGlobalSection
	GlobalSection(ProjectConfigurationPlatforms) = postSolution
		{C3203824-D714-4AA6-B008-14F246E2E915}.Debug|Any CPU.ActiveCfg = Debug|Any CPU
		{C3203824-D714-4AA6-B008-14F246E2E915}.Debug|Any CPU.Build.0 = Debug|Any CPU
		{C3203824-D714-4AA6-B008-14F246E2E915}.Release|Any CPU.ActiveCfg = Release|Any CPU
		{C3203824-D714-4AA6-B008-14F246E2E915}.Release|Any CPU.Build.0 = Release|Any CPU
		{09419EE3-092B-4231-A798-3D02B8210B81}.Debug|Any CPU.ActiveCfg = Debug|Any CPU
		{09419EE3-092B-4231-A798-3D02B8210B81}.Debug|Any CPU.Build.0 = Debug|Any CPU
		{09419EE3-092B-4231-A798-3D02B8210B81}.Release|Any CPU.ActiveCfg = Release|Any CPU
		{09419EE3-092B-4231-A798-3D02B8210B81}.Release|Any CPU.Build.0 = Release|Any CPU
		{C88F3675-553F-4520-8E5A-9B6A858DC5AB}.Debug|Any CPU.ActiveCfg = Debug|Any CPU
		{C88F3675-553F-4520-8E5A-9B6A858DC5AB}.Debug|Any CPU.Build.0 = Debug|Any CPU
		{C88F3675-553F-4520-8E5A-9B6A858DC5AB}.Release|Any CPU.ActiveCfg = Release|Any CPU
		{C88F3675-553F-4520-8E5A-9B6A858DC5AB}.Release|Any CPU.Build.0 = Release|Any CPU
		{9065C690-2143-4E97-81F2-047D89A68249}.Debug|Any CPU.ActiveCfg = Debug|Any CPU
		{9065C690-2143-4E97-81F2-047D89A68249}.Debug|Any CPU.Build.0 = Debug|Any CPU
		{9065C690-2143-4E97-81F2-047D89A68249}.Release|Any CPU.ActiveCfg = Release|Any CPU
		{9065C690-2143-4E97-81F2-047D89A68249}.Release|Any CPU.Build.0 = Release|Any CPU
		{DE5A8615-7CCB-469D-93D1-2DBE0D3BDA9F}.Debug|Any CPU.ActiveCfg = Debug|Any CPU
		{DE5A8615-7CCB-469D-93D1-2DBE0D3BDA9F}.Debug|Any CPU.Build.0 = Debug|Any CPU
		{DE5A8615-7CCB-469D-93D1-2DBE0D3BDA9F}.Release|Any CPU.ActiveCfg = Release|Any CPU
		{DE5A8615-7CCB-469D-93D1-2DBE0D3BDA9F}.Release|Any CPU.Build.0 = Release|Any CPU
		{2ACA9E60-22F3-4953-B838-3C2202A9ABE7}.Debug|Any CPU.ActiveCfg = Debug|Any CPU
		{2ACA9E60-22F3-4953-B838-3C2202A9ABE7}.Debug|Any CPU.Build.0 = Debug|Any CPU
		{2ACA9E60-22F3-4953-B838-3C2202A9ABE7}.Release|Any CPU.ActiveCfg = Release|Any CPU
		{2ACA9E60-22F3-4953-B838-3C2202A9ABE7}.Release|Any CPU.Build.0 = Release|Any CPU
		{86138BDA-00AD-4E8B-B40C-AB25F5F6351B}.Debug|Any CPU.ActiveCfg = Debug|Any CPU
		{86138BDA-00AD-4E8B-B40C-AB25F5F6351B}.Debug|Any CPU.Build.0 = Debug|Any CPU
		{86138BDA-00AD-4E8B-B40C-AB25F5F6351B}.Release|Any CPU.ActiveCfg = Release|Any CPU
		{86138BDA-00AD-4E8B-B40C-AB25F5F6351B}.Release|Any CPU.Build.0 = Release|Any CPU
	EndGlobalSection
	GlobalSection(SolutionProperties) = preSolution
		HideSolutionNode = FALSE
	EndGlobalSection
	GlobalSection(ExtensibilityGlobals) = postSolution
		SolutionGuid = {E2DC640E-8E15-4378-87D6-5C03A72D191D}
	EndGlobalSection
EndGlobal
